
Microsoft Visual Studio Solution File, Format Version 12.00
# Visual Studio Version 17
VisualStudioVersion = 17.3.32825.248
MinimumVisualStudioVersion = 10.0.40219.1
Project("{9A19103F-16F7-4668-BE54-9A1E7A4F7556}") = "server", "server.csproj", "{60F868C8-409D-471B-A44C-21CC797651F7}"
EndProject
Global
	GlobalSection(SolutionConfigurationPlatforms) = preSolution
		Debug|Any CPU = Debug|Any CPU
		Release|Any CPU = Release|Any CPU
	EndGlobalSection
	GlobalSection(ProjectConfigurationPlatforms) = postSolution
		{60F868C8-409D-471B-A44C-21CC797651F7}.Debug|Any CPU.ActiveCfg = Debug|Any CPU
		{60F868C8-409D-471B-A44C-21CC797651F7}.Debug|Any CPU.Build.0 = Debug|Any CPU
		{60F868C8-409D-471B-A44C-21CC797651F7}.Release|Any CPU.ActiveCfg = Release|Any CPU
		{60F868C8-409D-471B-A44C-21CC797651F7}.Release|Any CPU.Build.0 = Release|Any CPU
	EndGlobalSection
	GlobalSection(SolutionProperties) = preSolution
		HideSolutionNode = FALSE
	EndGlobalSection
	GlobalSection(ExtensibilityGlobals) = postSolution
		SolutionGuid = {3AC0585D-1324-4DC3-8711-2627F0D49BA0}
	EndGlobalSection
EndGlobal
